
Microsoft Visual Studio Solution File, Format Version 12.00
# Visual Studio 15
VisualStudioVersion = 15.0.28307.645
MinimumVisualStudioVersion = 10.0.40219.1
Project("{FAE04EC0-301F-11D3-BF4B-00C04F79EFBC}") = "Experiment2.Android", "Experiment2\Experiment2.Android\Experiment2.Android.csproj", "{1DBABE80-7AA9-4E27-8E98-1C416D596EB7}"
EndProject
Project("{FAE04EC0-301F-11D3-BF4B-00C04F79EFBC}") = "Experiment2.iOS", "Experiment2\Experiment2.iOS\Experiment2.iOS.csproj", "{9541E4D6-DDC5-4326-BA5C-57FE7C63133C}"
EndProject
Project("{FAE04EC0-301F-11D3-BF4B-00C04F79EFBC}") = "Experiment2", "Experiment2\Experiment2\Experiment2.csproj", "{ABF6D5F0-BA82-43E1-97AD-E14962DC8C04}"
EndProject
Global
	GlobalSection(SolutionConfigurationPlatforms) = preSolution
		Ad-Hoc|Any CPU = Ad-Hoc|Any CPU
		Ad-Hoc|iPhone = Ad-Hoc|iPhone
		Ad-Hoc|iPhoneSimulator = Ad-Hoc|iPhoneSimulator
		AppStore|Any CPU = AppStore|Any CPU
		AppStore|iPhone = AppStore|iPhone
		AppStore|iPhoneSimulator = AppStore|iPhoneSimulator
		Debug|Any CPU = Debug|Any CPU
		Debug|iPhone = Debug|iPhone
		Debug|iPhoneSimulator = Debug|iPhoneSimulator
		Release|Any CPU = Release|Any CPU
		Release|iPhone = Release|iPhone
		Release|iPhoneSimulator = Release|iPhoneSimulator
	EndGlobalSection
	GlobalSection(ProjectConfigurationPlatforms) = postSolution
		{1DBABE80-7AA9-4E27-8E98-1C416D596EB7}.Ad-Hoc|Any CPU.ActiveCfg = Release|Any CPU
		{1DBABE80-7AA9-4E27-8E98-1C416D596EB7}.Ad-Hoc|Any CPU.Build.0 = Release|Any CPU
		{1DBABE80-7AA9-4E27-8E98-1C416D596EB7}.Ad-Hoc|Any CPU.Deploy.0 = Release|Any CPU
		{1DBABE80-7AA9-4E27-8E98-1C416D596EB7}.Ad-Hoc|iPhone.ActiveCfg = Release|Any CPU
		{1DBABE80-7AA9-4E27-8E98-1C416D596EB7}.Ad-Hoc|iPhone.Build.0 = Release|Any CPU
		{1DBABE80-7AA9-4E27-8E98-1C416D596EB7}.Ad-Hoc|iPhone.Deploy.0 = Release|Any CPU
		{1DBABE80-7AA9-4E27-8E98-1C416D596EB7}.Ad-Hoc|iPhoneSimulator.ActiveCfg = Release|Any CPU
		{1DBABE80-7AA9-4E27-8E98-1C416D596EB7}.Ad-Hoc|iPhoneSimulator.Build.0 = Release|Any CPU
		{1DBABE80-7AA9-4E27-8E98-1C416D596EB7}.Ad-Hoc|iPhoneSimulator.Deploy.0 = Release|Any CPU
		{1DBABE80-7AA9-4E27-8E98-1C416D596EB7}.AppStore|Any CPU.ActiveCfg = Release|Any CPU
		{1DBABE80-7AA9-4E27-8E98-1C416D596EB7}.AppStore|Any CPU.Build.0 = Release|Any CPU
		{1DBABE80-7AA9-4E27-8E98-1C416D596EB7}.AppStore|Any CPU.Deploy.0 = Release|Any CPU
		{1DBABE80-7AA9-4E27-8E98-1C416D596EB7}.AppStore|iPhone.ActiveCfg = Release|Any CPU
		{1DBABE80-7AA9-4E27-8E98-1C416D596EB7}.AppStore|iPhone.Build.0 = Release|Any CPU
		{1DBABE80-7AA9-4E27-8E98-1C416D596EB7}.AppStore|iPhone.Deploy.0 = Release|Any CPU
		{1DBABE80-7AA9-4E27-8E98-1C416D596EB7}.AppStore|iPhoneSimulator.ActiveCfg = Release|Any CPU
		{1DBABE80-7AA9-4E27-8E98-1C416D596EB7}.AppStore|iPhoneSimulator.Build.0 = Release|Any CPU
		{1DBABE80-7AA9-4E27-8E98-1C416D596EB7}.AppStore|iPhoneSimulator.Deploy.0 = Release|Any CPU
		{1DBABE80-7AA9-4E27-8E98-1C416D596EB7}.Debug|Any CPU.ActiveCfg = Debug|Any CPU
		{1DBABE80-7AA9-4E27-8E98-1C416D596EB7}.Debug|Any CPU.Build.0 = Debug|Any CPU
		{1DBABE80-7AA9-4E27-8E98-1C416D596EB7}.Debug|Any CPU.Deploy.0 = Debug|Any CPU
		{1DBABE80-7AA9-4E27-8E98-1C416D596EB7}.Debug|iPhone.ActiveCfg = Debug|Any CPU
		{1DBABE80-7AA9-4E27-8E98-1C416D596EB7}.Debug|iPhone.Build.0 = Debug|Any CPU
		{1DBABE80-7AA9-4E27-8E98-1C416D596EB7}.Debug|iPhone.Deploy.0 = Debug|Any CPU
		{1DBABE80-7AA9-4E27-8E98-1C416D596EB7}.Debug|iPhoneSimulator.ActiveCfg = Debug|Any CPU
		{1DBABE80-7AA9-4E27-8E98-1C416D596EB7}.Debug|iPhoneSimulator.Build.0 = Debug|Any CPU
		{1DBABE80-7AA9-4E27-8E98-1C416D596EB7}.Debug|iPhoneSimulator.Deploy.0 = Debug|Any CPU
		{1DBABE80-7AA9-4E27-8E98-1C416D596EB7}.Release|Any CPU.ActiveCfg = Release|Any CPU
		{1DBABE80-7AA9-4E27-8E98-1C416D596EB7}.Release|Any CPU.Build.0 = Release|Any CPU
		{1DBABE80-7AA9-4E27-8E98-1C416D596EB7}.Release|Any CPU.Deploy.0 = Release|Any CPU
		{1DBABE80-7AA9-4E27-8E98-1C416D596EB7}.Release|iPhone.ActiveCfg = Release|Any CPU
		{1DBABE80-7AA9-4E27-8E98-1C416D596EB7}.Release|iPhone.Build.0 = Release|Any CPU
		{1DBABE80-7AA9-4E27-8E98-1C416D596EB7}.Release|iPhone.Deploy.0 = Release|Any CPU
		{1DBABE80-7AA9-4E27-8E98-1C416D596EB7}.Release|iPhoneSimulator.ActiveCfg = Release|Any CPU
		{1DBABE80-7AA9-4E27-8E98-1C416D596EB7}.Release|iPhoneSimulator.Build.0 = Release|Any CPU
		{1DBABE80-7AA9-4E27-8E98-1C416D596EB7}.Release|iPhoneSimulator.Deploy.0 = Release|Any CPU
		{9541E4D6-DDC5-4326-BA5C-57FE7C63133C}.Ad-Hoc|Any CPU.ActiveCfg = Ad-Hoc|iPhone
		{9541E4D6-DDC5-4326-BA5C-57FE7C63133C}.Ad-Hoc|Any CPU.Build.0 = Ad-Hoc|iPhone
		{9541E4D6-DDC5-4326-BA5C-57FE7C63133C}.Ad-Hoc|Any CPU.Deploy.0 = Ad-Hoc|iPhone
		{9541E4D6-DDC5-4326-BA5C-57FE7C63133C}.Ad-Hoc|iPhone.ActiveCfg = Ad-Hoc|iPhone
		{9541E4D6-DDC5-4326-BA5C-57FE7C63133C}.Ad-Hoc|iPhone.Build.0 = Ad-Hoc|iPhone
		{9541E4D6-DDC5-4326-BA5C-57FE7C63133C}.Ad-Hoc|iPhone.Deploy.0 = Ad-Hoc|iPhone
		{9541E4D6-DDC5-4326-BA5C-57FE7C63133C}.Ad-Hoc|iPhoneSimulator.ActiveCfg = Ad-Hoc|iPhoneSimulator
		{9541E4D6-DDC5-4326-BA5C-57FE7C63133C}.Ad-Hoc|iPhoneSimulator.Build.0 = Ad-Hoc|iPhoneSimulator
		{9541E4D6-DDC5-4326-BA5C-57FE7C63133C}.Ad-Hoc|iPhoneSimulator.Deploy.0 = Ad-Hoc|iPhoneSimulator
		{9541E4D6-DDC5-4326-BA5C-57FE7C63133C}.AppStore|Any CPU.ActiveCfg = AppStore|iPhone
		{9541E4D6-DDC5-4326-BA5C-57FE7C63133C}.AppStore|Any CPU.Build.0 = AppStore|iPhone
		{9541E4D6-DDC5-4326-BA5C-57FE7C63133C}.AppStore|Any CPU.Deploy.0 = AppStore|iPhone
		{9541E4D6-DDC5-4326-BA5C-57FE7C63133C}.AppStore|iPhone.ActiveCfg = AppStore|iPhone
		{9541E4D6-DDC5-4326-BA5C-57FE7C63133C}.AppStore|iPhone.Build.0 = AppStore|iPhone
		{9541E4D6-DDC5-4326-BA5C-57FE7C63133C}.AppStore|iPhone.Deploy.0 = AppStore|iPhone
		{9541E4D6-DDC5-4326-BA5C-57FE7C63133C}.AppStore|iPhoneSimulator.ActiveCfg = AppStore|iPhoneSimulator
		{9541E4D6-DDC5-4326-BA5C-57FE7C63133C}.AppStore|iPhoneSimulator.Build.0 = AppStore|iPhoneSimulator
		{9541E4D6-DDC5-4326-BA5C-57FE7C63133C}.AppStore|iPhoneSimulator.Deploy.0 = AppStore|iPhoneSimulator
		{9541E4D6-DDC5-4326-BA5C-57FE7C63133C}.Debug|Any CPU.ActiveCfg = Debug|iPhoneSimulator
		{9541E4D6-DDC5-4326-BA5C-57FE7C63133C}.Debug|Any CPU.Build.0 = Debug|iPhoneSimulator
		{9541E4D6-DDC5-4326-BA5C-57FE7C63133C}.Debug|Any CPU.Deploy.0 = Debug|iPhoneSimulator
		{9541E4D6-DDC5-4326-BA5C-57FE7C63133C}.Debug|iPhone.ActiveCfg = Debug|iPhone
		{9541E4D6-DDC5-4326-BA5C-57FE7C63133C}.Debug|iPhone.Build.0 = Debug|iPhone
		{9541E4D6-DDC5-4326-BA5C-57FE7C63133C}.Debug|iPhone.Deploy.0 = Debug|iPhone
		{9541E4D6-DDC5-4326-BA5C-57FE7C63133C}.Debug|iPhoneSimulator.ActiveCfg = Debug|iPhoneSimulator
		{9541E4D6-DDC5-4326-BA5C-57FE7C63133C}.Debug|iPhoneSimulator.Build.0 = Debug|iPhoneSimulator
		{9541E4D6-DDC5-4326-BA5C-57FE7C63133C}.Debug|iPhoneSimulator.Deploy.0 = Debug|iPhoneSimulator
		{9541E4D6-DDC5-4326-BA5C-57FE7C63133C}.Release|Any CPU.ActiveCfg = Release|iPhone
		{9541E4D6-DDC5-4326-BA5C-57FE7C63133C}.Release|Any CPU.Build.0 = Release|iPhone
		{9541E4D6-DDC5-4326-BA5C-57FE7C63133C}.Release|Any CPU.Deploy.0 = Release|iPhone
		{9541E4D6-DDC5-4326-BA5C-57FE7C63133C}.Release|iPhone.ActiveCfg = Release|iPhone
		{9541E4D6-DDC5-4326-BA5C-57FE7C63133C}.Release|iPhone.Build.0 = Release|iPhone
		{9541E4D6-DDC5-4326-BA5C-57FE7C63133C}.Release|iPhone.Deploy.0 = Release|iPhone
		{9541E4D6-DDC5-4326-BA5C-57FE7C63133C}.Release|iPhoneSimulator.ActiveCfg = Release|iPhoneSimulator
		{9541E4D6-DDC5-4326-BA5C-57FE7C63133C}.Release|iPhoneSimulator.Build.0 = Release|iPhoneSimulator
		{9541E4D6-DDC5-4326-BA5C-57FE7C63133C}.Release|iPhoneSimulator.Deploy.0 = Release|iPhoneSimulator
		{ABF6D5F0-BA82-43E1-97AD-E14962DC8C04}.Ad-Hoc|Any CPU.ActiveCfg = Debug|Any CPU
		{ABF6D5F0-BA82-43E1-97AD-E14962DC8C04}.Ad-Hoc|Any CPU.Build.0 = Debug|Any CPU
		{ABF6D5F0-BA82-43E1-97AD-E14962DC8C04}.Ad-Hoc|Any CPU.Deploy.0 = Debug|Any CPU
		{ABF6D5F0-BA82-43E1-97AD-E14962DC8C04}.Ad-Hoc|iPhone.ActiveCfg = Debug|Any CPU
		{ABF6D5F0-BA82-43E1-97AD-E14962DC8C04}.Ad-Hoc|iPhone.Build.0 = Debug|Any CPU
		{ABF6D5F0-BA82-43E1-97AD-E14962DC8C04}.Ad-Hoc|iPhone.Deploy.0 = Debug|Any CPU
		{ABF6D5F0-BA82-43E1-97AD-E14962DC8C04}.Ad-Hoc|iPhoneSimulator.ActiveCfg = Debug|Any CPU
		{ABF6D5F0-BA82-43E1-97AD-E14962DC8C04}.Ad-Hoc|iPhoneSimulator.Build.0 = Debug|Any CPU
		{ABF6D5F0-BA82-43E1-97AD-E14962DC8C04}.Ad-Hoc|iPhoneSimulator.Deploy.0 = Debug|Any CPU
		{ABF6D5F0-BA82-43E1-97AD-E14962DC8C04}.AppStore|Any CPU.ActiveCfg = Debug|Any CPU
		{ABF6D5F0-BA82-43E1-97AD-E14962DC8C04}.AppStore|Any CPU.Build.0 = Debug|Any CPU
		{ABF6D5F0-BA82-43E1-97AD-E14962DC8C04}.AppStore|Any CPU.Deploy.0 = Debug|Any CPU
		{ABF6D5F0-BA82-43E1-97AD-E14962DC8C04}.AppStore|iPhone.ActiveCfg = Debug|Any CPU
		{ABF6D5F0-BA82-43E1-97AD-E14962DC8C04}.AppStore|iPhone.Build.0 = Debug|Any CPU
		{ABF6D5F0-BA82-43E1-97AD-E14962DC8C04}.AppStore|iPhone.Deploy.0 = Debug|Any CPU
		{ABF6D5F0-BA82-43E1-97AD-E14962DC8C04}.AppStore|iPhoneSimulator.ActiveCfg = Debug|Any CPU
		{ABF6D5F0-BA82-43E1-97AD-E14962DC8C04}.AppStore|iPhoneSimulator.Build.0 = Debug|Any CPU
		{ABF6D5F0-BA82-43E1-97AD-E14962DC8C04}.AppStore|iPhoneSimulator.Deploy.0 = Debug|Any CPU
		{ABF6D5F0-BA82-43E1-97AD-E14962DC8C04}.Debug|Any CPU.ActiveCfg = Debug|Any CPU
		{ABF6D5F0-BA82-43E1-97AD-E14962DC8C04}.Debug|Any CPU.Build.0 = Debug|Any CPU
		{ABF6D5F0-BA82-43E1-97AD-E14962DC8C04}.Debug|Any CPU.Deploy.0 = Debug|Any CPU
		{ABF6D5F0-BA82-43E1-97AD-E14962DC8C04}.Debug|iPhone.ActiveCfg = Debug|Any CPU
		{ABF6D5F0-BA82-43E1-97AD-E14962DC8C04}.Debug|iPhone.Build.0 = Debug|Any CPU
		{ABF6D5F0-BA82-43E1-97AD-E14962DC8C04}.Debug|iPhone.Deploy.0 = Debug|Any CPU
		{ABF6D5F0-BA82-43E1-97AD-E14962DC8C04}.Debug|iPhoneSimulator.ActiveCfg = Debug|Any CPU
		{ABF6D5F0-BA82-43E1-97AD-E14962DC8C04}.Debug|iPhoneSimulator.Build.0 = Debug|Any CPU
		{ABF6D5F0-BA82-43E1-97AD-E14962DC8C04}.Debug|iPhoneSimulator.Deploy.0 = Debug|Any CPU
		{ABF6D5F0-BA82-43E1-97AD-E14962DC8C04}.Release|Any CPU.ActiveCfg = Release|Any CPU
		{ABF6D5F0-BA82-43E1-97AD-E14962DC8C04}.Release|Any CPU.Build.0 = Release|Any CPU
		{ABF6D5F0-BA82-43E1-97AD-E14962DC8C04}.Release|Any CPU.Deploy.0 = Release|Any CPU
		{ABF6D5F0-BA82-43E1-97AD-E14962DC8C04}.Release|iPhone.ActiveCfg = Release|Any CPU
		{ABF6D5F0-BA82-43E1-97AD-E14962DC8C04}.Release|iPhone.Build.0 = Release|Any CPU
		{ABF6D5F0-BA82-43E1-97AD-E14962DC8C04}.Release|iPhone.Deploy.0 = Release|Any CPU
		{ABF6D5F0-BA82-43E1-97AD-E14962DC8C04}.Release|iPhoneSimulator.ActiveCfg = Release|Any CPU
		{ABF6D5F0-BA82-43E1-97AD-E14962DC8C04}.Release|iPhoneSimulator.Build.0 = Release|Any CPU
		{ABF6D5F0-BA82-43E1-97AD-E14962DC8C04}.Release|iPhoneSimulator.Deploy.0 = Release|Any CPU
	EndGlobalSection
	GlobalSection(SolutionProperties) = preSolution
		HideSolutionNode = FALSE
	EndGlobalSection
	GlobalSection(ExtensibilityGlobals) = postSolution
		SolutionGuid = {0F129D9A-C3FD-4781-8A3B-39BBEF98C2C0}
	EndGlobalSection
EndGlobal
